
Microsoft Visual Studio Solution File, Format Version 12.00
# Visual Studio 2013
VisualStudioVersion = 12.0.31101.0
MinimumVisualStudioVersion = 10.0.40219.1
Project("{FAE04EC0-301F-11D3-BF4B-00C04F79EFBC}") = "Repository", "Repository\Repository.csproj", "{9F22CE3A-B99F-4955-9CC7-58701B036869}"
EndProject
Project("{FAE04EC0-301F-11D3-BF4B-00C04F79EFBC}") = "Model", "Model\Model.csproj", "{C8872021-0C07-491A-94AC-994D159BA159}"
EndProject
Project("{FAE04EC0-301F-11D3-BF4B-00C04F79EFBC}") = "Service", "Service\Service.csproj", "{07162DD9-5306-4E68-941D-BA958BFBB74B}"
EndProject
Project("{FAE04EC0-301F-11D3-BF4B-00C04F79EFBC}") = "MVC", "MVC\MVC.csproj", "{2835FDBA-96BA-4D5C-850D-A909BB12F4E3}"
EndProject
Global
	GlobalSection(SolutionConfigurationPlatforms) = preSolution
		Debug|Any CPU = Debug|Any CPU
		Release|Any CPU = Release|Any CPU
	EndGlobalSection
	GlobalSection(ProjectConfigurationPlatforms) = postSolution
		{9F22CE3A-B99F-4955-9CC7-58701B036869}.Debug|Any CPU.ActiveCfg = Debug|Any CPU
		{9F22CE3A-B99F-4955-9CC7-58701B036869}.Debug|Any CPU.Build.0 = Debug|Any CPU
		{9F22CE3A-B99F-4955-9CC7-58701B036869}.Release|Any CPU.ActiveCfg = Release|Any CPU
		{9F22CE3A-B99F-4955-9CC7-58701B036869}.Release|Any CPU.Build.0 = Release|Any CPU
		{C8872021-0C07-491A-94AC-994D159BA159}.Debug|Any CPU.ActiveCfg = Debug|Any CPU
		{C8872021-0C07-491A-94AC-994D159BA159}.Debug|Any CPU.Build.0 = Debug|Any CPU
		{C8872021-0C07-491A-94AC-994D159BA159}.Release|Any CPU.ActiveCfg = Release|Any CPU
		{C8872021-0C07-491A-94AC-994D159BA159}.Release|Any CPU.Build.0 = Release|Any CPU
		{07162DD9-5306-4E68-941D-BA958BFBB74B}.Debug|Any CPU.ActiveCfg = Debug|Any CPU
		{07162DD9-5306-4E68-941D-BA958BFBB74B}.Debug|Any CPU.Build.0 = Debug|Any CPU
		{07162DD9-5306-4E68-941D-BA958BFBB74B}.Release|Any CPU.ActiveCfg = Release|Any CPU
		{07162DD9-5306-4E68-941D-BA958BFBB74B}.Release|Any CPU.Build.0 = Release|Any CPU
		{2835FDBA-96BA-4D5C-850D-A909BB12F4E3}.Debug|Any CPU.ActiveCfg = Debug|Any CPU
		{2835FDBA-96BA-4D5C-850D-A909BB12F4E3}.Debug|Any CPU.Build.0 = Debug|Any CPU
		{2835FDBA-96BA-4D5C-850D-A909BB12F4E3}.Release|Any CPU.ActiveCfg = Release|Any CPU
		{2835FDBA-96BA-4D5C-850D-A909BB12F4E3}.Release|Any CPU.Build.0 = Release|Any CPU
	EndGlobalSection
	GlobalSection(SolutionProperties) = preSolution
		HideSolutionNode = FALSE
	EndGlobalSection
EndGlobal
